
Microsoft Visual Studio Solution File, Format Version 12.00
# Visual Studio Version 17
VisualStudioVersion = 17.8.34511.84
MinimumVisualStudioVersion = 10.0.40219.1
Project("{9A19103F-16F7-4668-BE54-9A1E7A4F7556}") = "EFBlogging", "EFBlogging.csproj", "{D612A8DC-E3B4-4F9A-AF70-FBC8C6A15257}"
EndProject
Global
	GlobalSection(SolutionConfigurationPlatforms) = preSolution
		Debug|Any CPU = Debug|Any CPU
		Release|Any CPU = Release|Any CPU
	EndGlobalSection
	GlobalSection(ProjectConfigurationPlatforms) = postSolution
		{D612A8DC-E3B4-4F9A-AF70-FBC8C6A15257}.Debug|Any CPU.ActiveCfg = Debug|Any CPU
		{D612A8DC-E3B4-4F9A-AF70-FBC8C6A15257}.Debug|Any CPU.Build.0 = Debug|Any CPU
		{D612A8DC-E3B4-4F9A-AF70-FBC8C6A15257}.Release|Any CPU.ActiveCfg = Release|Any CPU
		{D612A8DC-E3B4-4F9A-AF70-FBC8C6A15257}.Release|Any CPU.Build.0 = Release|Any CPU
	EndGlobalSection
	GlobalSection(SolutionProperties) = preSolution
		HideSolutionNode = FALSE
	EndGlobalSection
	GlobalSection(ExtensibilityGlobals) = postSolution
		SolutionGuid = {6C1CE93D-92DE-402B-A48E-B5905F8D3404}
	EndGlobalSection
EndGlobal
